
Microsoft Visual Studio Solution File, Format Version 12.00
# Visual Studio Version 17
VisualStudioVersion = 17.3.32819.101
MinimumVisualStudioVersion = 10.0.40219.1
Project("{9A19103F-16F7-4668-BE54-9A1E7A4F7556}") = "ColorPicker", "ColorPicker\ColorPicker.csproj", "{556876E4-6581-4B46-AAF1-001553B6B759}"
EndProject
Project("{C7167F0D-BC9F-4E6E-AFE1-012C56B48DB5}") = "ColorPicker.Package", "ColorPicker.Package\ColorPicker.Package.wapproj", "{A06F58D6-5C73-4E35-8301-38D3EC4049B2}"
EndProject
Global
	GlobalSection(SolutionConfigurationPlatforms) = preSolution
		Debug|Any CPU = Debug|Any CPU
		Debug|ARM = Debug|ARM
		Debug|ARM64 = Debug|ARM64
		Debug|x64 = Debug|x64
		Debug|x86 = Debug|x86
		Release|Any CPU = Release|Any CPU
		Release|ARM = Release|ARM
		Release|ARM64 = Release|ARM64
		Release|x64 = Release|x64
		Release|x86 = Release|x86
	EndGlobalSection
	GlobalSection(ProjectConfigurationPlatforms) = postSolution
		{556876E4-6581-4B46-AAF1-001553B6B759}.Debug|Any CPU.ActiveCfg = Debug|Any CPU
		{556876E4-6581-4B46-AAF1-001553B6B759}.Debug|Any CPU.Build.0 = Debug|Any CPU
		{556876E4-6581-4B46-AAF1-001553B6B759}.Debug|ARM.ActiveCfg = Debug|Any CPU
		{556876E4-6581-4B46-AAF1-001553B6B759}.Debug|ARM.Build.0 = Debug|Any CPU
		{556876E4-6581-4B46-AAF1-001553B6B759}.Debug|ARM64.ActiveCfg = Debug|Any CPU
		{556876E4-6581-4B46-AAF1-001553B6B759}.Debug|ARM64.Build.0 = Debug|Any CPU
		{556876E4-6581-4B46-AAF1-001553B6B759}.Debug|x64.ActiveCfg = Debug|Any CPU
		{556876E4-6581-4B46-AAF1-001553B6B759}.Debug|x64.Build.0 = Debug|Any CPU
		{556876E4-6581-4B46-AAF1-001553B6B759}.Debug|x86.ActiveCfg = Debug|Any CPU
		{556876E4-6581-4B46-AAF1-001553B6B759}.Debug|x86.Build.0 = Debug|Any CPU
		{556876E4-6581-4B46-AAF1-001553B6B759}.Release|Any CPU.ActiveCfg = Release|Any CPU
		{556876E4-6581-4B46-AAF1-001553B6B759}.Release|Any CPU.Build.0 = Release|Any CPU
		{556876E4-6581-4B46-AAF1-001553B6B759}.Release|ARM.ActiveCfg = Release|Any CPU
		{556876E4-6581-4B46-AAF1-001553B6B759}.Release|ARM.Build.0 = Release|Any CPU
		{556876E4-6581-4B46-AAF1-001553B6B759}.Release|ARM64.ActiveCfg = Release|Any CPU
		{556876E4-6581-4B46-AAF1-001553B6B759}.Release|ARM64.Build.0 = Release|Any CPU
		{556876E4-6581-4B46-AAF1-001553B6B759}.Release|x64.ActiveCfg = Release|Any CPU
		{556876E4-6581-4B46-AAF1-001553B6B759}.Release|x64.Build.0 = Release|Any CPU
		{556876E4-6581-4B46-AAF1-001553B6B759}.Release|x86.ActiveCfg = Release|Any CPU
		{556876E4-6581-4B46-AAF1-001553B6B759}.Release|x86.Build.0 = Release|Any CPU
		{A06F58D6-5C73-4E35-8301-38D3EC4049B2}.Debug|Any CPU.ActiveCfg = Debug|Any CPU
		{A06F58D6-5C73-4E35-8301-38D3EC4049B2}.Debug|Any CPU.Build.0 = Debug|Any CPU
		{A06F58D6-5C73-4E35-8301-38D3EC4049B2}.Debug|Any CPU.Deploy.0 = Debug|Any CPU
		{A06F58D6-5C73-4E35-8301-38D3EC4049B2}.Debug|ARM.ActiveCfg = Debug|ARM
		{A06F58D6-5C73-4E35-8301-38D3EC4049B2}.Debug|ARM.Build.0 = Debug|ARM
		{A06F58D6-5C73-4E35-8301-38D3EC4049B2}.Debug|ARM.Deploy.0 = Debug|ARM
		{A06F58D6-5C73-4E35-8301-38D3EC4049B2}.Debug|ARM64.ActiveCfg = Debug|ARM64
		{A06F58D6-5C73-4E35-8301-38D3EC4049B2}.Debug|ARM64.Build.0 = Debug|ARM64
		{A06F58D6-5C73-4E35-8301-38D3EC4049B2}.Debug|ARM64.Deploy.0 = Debug|ARM64
		{A06F58D6-5C73-4E35-8301-38D3EC4049B2}.Debug|x64.ActiveCfg = Debug|x64
		{A06F58D6-5C73-4E35-8301-38D3EC4049B2}.Debug|x64.Build.0 = Debug|x64
		{A06F58D6-5C73-4E35-8301-38D3EC4049B2}.Debug|x64.Deploy.0 = Debug|x64
		{A06F58D6-5C73-4E35-8301-38D3EC4049B2}.Debug|x86.ActiveCfg = Debug|x86
		{A06F58D6-5C73-4E35-8301-38D3EC4049B2}.Debug|x86.Build.0 = Debug|x86
		{A06F58D6-5C73-4E35-8301-38D3EC4049B2}.Debug|x86.Deploy.0 = Debug|x86
		{A06F58D6-5C73-4E35-8301-38D3EC4049B2}.Release|Any CPU.ActiveCfg = Release|Any CPU
		{A06F58D6-5C73-4E35-8301-38D3EC4049B2}.Release|Any CPU.Build.0 = Release|Any CPU
		{A06F58D6-5C73-4E35-8301-38D3EC4049B2}.Release|Any CPU.Deploy.0 = Release|Any CPU
		{A06F58D6-5C73-4E35-8301-38D3EC4049B2}.Release|ARM.ActiveCfg = Release|ARM
		{A06F58D6-5C73-4E35-8301-38D3EC4049B2}.Release|ARM.Build.0 = Release|ARM
		{A06F58D6-5C73-4E35-8301-38D3EC4049B2}.Release|ARM.Deploy.0 = Release|ARM
		{A06F58D6-5C73-4E35-8301-38D3EC4049B2}.Release|ARM64.ActiveCfg = Release|ARM64
		{A06F58D6-5C73-4E35-8301-38D3EC4049B2}.Release|ARM64.Build.0 = Release|ARM64
		{A06F58D6-5C73-4E35-8301-38D3EC4049B2}.Release|ARM64.Deploy.0 = Release|ARM64
		{A06F58D6-5C73-4E35-8301-38D3EC4049B2}.Release|x64.ActiveCfg = Release|x64
		{A06F58D6-5C73-4E35-8301-38D3EC4049B2}.Release|x64.Build.0 = Release|x64
		{A06F58D6-5C73-4E35-8301-38D3EC4049B2}.Release|x64.Deploy.0 = Release|x64
		{A06F58D6-5C73-4E35-8301-38D3EC4049B2}.Release|x86.ActiveCfg = Release|x86
		{A06F58D6-5C73-4E35-8301-38D3EC4049B2}.Release|x86.Build.0 = Release|x86
		{A06F58D6-5C73-4E35-8301-38D3EC4049B2}.Release|x86.Deploy.0 = Release|x86
	EndGlobalSection
	GlobalSection(SolutionProperties) = preSolution
		HideSolutionNode = FALSE
	EndGlobalSection
	GlobalSection(ExtensibilityGlobals) = postSolution
		SolutionGuid = {777027AB-0E7F-4475-A6F2-BBAF92F853C5}
	EndGlobalSection
EndGlobal
